
Microsoft Visual Studio Solution File, Format Version 12.00
# Visual Studio Version 17
VisualStudioVersion = 17.4.33205.214
MinimumVisualStudioVersion = 10.0.40219.1
Project("{54A90642-561A-4BB1-A94E-469ADEE60C69}") = "FitWorldAngular", "FitWorldAngular\FitWorldAngular.esproj", "{1E8A174A-2842-4F95-99E5-DFDDD4CCDC59}"
EndProject
Project("{9A19103F-16F7-4668-BE54-9A1E7A4F7556}") = "FitWorldApi", "FitWorldApi\FitWorldApi.csproj", "{BF479272-1B59-4017-A59F-F86D495A263B}"
EndProject
Project("{00D1A9C2-B5F0-4AF3-8072-F6C62B433612}") = "FitWorldDb", "FitWorldDb\FitWorldDb.sqlproj", "{9EACACCD-53DF-43AC-AD54-535D9475929C}"
EndProject
Project("{2150E333-8FDC-42A3-9474-1A3956D46DE8}") = "a1-DB", "a1-DB", "{83D8ADAF-0399-42DD-BEAE-9F233713A3A6}"
EndProject
Project("{2150E333-8FDC-42A3-9474-1A3956D46DE8}") = "b2-Tools", "b2-Tools", "{8C1F3935-A2FC-4DB7-B95B-63CC5121B649}"
EndProject
Project("{2150E333-8FDC-42A3-9474-1A3956D46DE8}") = "c3-DAL", "c3-DAL", "{BEE840DD-6063-4BFE-8C14-E53DF3FE3909}"
EndProject
Project("{2150E333-8FDC-42A3-9474-1A3956D46DE8}") = "d4-BLL", "d4-BLL", "{31658220-A41E-4291-BB9E-D83897128559}"
EndProject
Project("{2150E333-8FDC-42A3-9474-1A3956D46DE8}") = "e5-API", "e5-API", "{B9FF4E57-479F-40B2-A470-DA69E8275215}"
EndProject
Project("{2150E333-8FDC-42A3-9474-1A3956D46DE8}") = "f6-FrontEnd-UI-Angular", "f6-FrontEnd-UI-Angular", "{FE12C8E1-5DB7-462B-B71E-2320C5E29068}"
EndProject
Project("{FAE04EC0-301F-11D3-BF4B-00C04F79EFBC}") = "FitWorld.Dal", "FitWorld.Dal\FitWorld.Dal.csproj", "{3CE668C6-0C1B-4A37-9D14-7E15DC169A54}"
EndProject
Project("{FAE04EC0-301F-11D3-BF4B-00C04F79EFBC}") = "DbConnectionTools", "DbConnectionTools\DbConnectionTools.csproj", "{4603E74B-9D25-4B07-A181-9078EFB69CA0}"
EndProject
Project("{FAE04EC0-301F-11D3-BF4B-00C04F79EFBC}") = "FitWorld.BLL", "FitWorld.BLL\FitWorld.BLL.csproj", "{26024240-6A34-4B52-A7DB-9D23872FEDD7}"
EndProject
Global
	GlobalSection(SolutionConfigurationPlatforms) = preSolution
		Debug|Any CPU = Debug|Any CPU
		Release|Any CPU = Release|Any CPU
	EndGlobalSection
	GlobalSection(ProjectConfigurationPlatforms) = postSolution
		{1E8A174A-2842-4F95-99E5-DFDDD4CCDC59}.Debug|Any CPU.ActiveCfg = Debug|Any CPU
		{1E8A174A-2842-4F95-99E5-DFDDD4CCDC59}.Debug|Any CPU.Build.0 = Debug|Any CPU
		{1E8A174A-2842-4F95-99E5-DFDDD4CCDC59}.Debug|Any CPU.Deploy.0 = Debug|Any CPU
		{1E8A174A-2842-4F95-99E5-DFDDD4CCDC59}.Release|Any CPU.ActiveCfg = Release|Any CPU
		{1E8A174A-2842-4F95-99E5-DFDDD4CCDC59}.Release|Any CPU.Build.0 = Release|Any CPU
		{1E8A174A-2842-4F95-99E5-DFDDD4CCDC59}.Release|Any CPU.Deploy.0 = Release|Any CPU
		{BF479272-1B59-4017-A59F-F86D495A263B}.Debug|Any CPU.ActiveCfg = Debug|Any CPU
		{BF479272-1B59-4017-A59F-F86D495A263B}.Debug|Any CPU.Build.0 = Debug|Any CPU
		{BF479272-1B59-4017-A59F-F86D495A263B}.Release|Any CPU.ActiveCfg = Release|Any CPU
		{BF479272-1B59-4017-A59F-F86D495A263B}.Release|Any CPU.Build.0 = Release|Any CPU
		{9EACACCD-53DF-43AC-AD54-535D9475929C}.Debug|Any CPU.ActiveCfg = Debug|Any CPU
		{9EACACCD-53DF-43AC-AD54-535D9475929C}.Debug|Any CPU.Build.0 = Debug|Any CPU
		{9EACACCD-53DF-43AC-AD54-535D9475929C}.Debug|Any CPU.Deploy.0 = Debug|Any CPU
		{9EACACCD-53DF-43AC-AD54-535D9475929C}.Release|Any CPU.ActiveCfg = Release|Any CPU
		{9EACACCD-53DF-43AC-AD54-535D9475929C}.Release|Any CPU.Build.0 = Release|Any CPU
		{9EACACCD-53DF-43AC-AD54-535D9475929C}.Release|Any CPU.Deploy.0 = Release|Any CPU
		{3CE668C6-0C1B-4A37-9D14-7E15DC169A54}.Debug|Any CPU.ActiveCfg = Debug|Any CPU
		{3CE668C6-0C1B-4A37-9D14-7E15DC169A54}.Debug|Any CPU.Build.0 = Debug|Any CPU
		{3CE668C6-0C1B-4A37-9D14-7E15DC169A54}.Release|Any CPU.ActiveCfg = Release|Any CPU
		{3CE668C6-0C1B-4A37-9D14-7E15DC169A54}.Release|Any CPU.Build.0 = Release|Any CPU
		{4603E74B-9D25-4B07-A181-9078EFB69CA0}.Debug|Any CPU.ActiveCfg = Debug|Any CPU
		{4603E74B-9D25-4B07-A181-9078EFB69CA0}.Debug|Any CPU.Build.0 = Debug|Any CPU
		{4603E74B-9D25-4B07-A181-9078EFB69CA0}.Release|Any CPU.ActiveCfg = Release|Any CPU
		{4603E74B-9D25-4B07-A181-9078EFB69CA0}.Release|Any CPU.Build.0 = Release|Any CPU
		{26024240-6A34-4B52-A7DB-9D23872FEDD7}.Debug|Any CPU.ActiveCfg = Debug|Any CPU
		{26024240-6A34-4B52-A7DB-9D23872FEDD7}.Debug|Any CPU.Build.0 = Debug|Any CPU
		{26024240-6A34-4B52-A7DB-9D23872FEDD7}.Release|Any CPU.ActiveCfg = Release|Any CPU
		{26024240-6A34-4B52-A7DB-9D23872FEDD7}.Release|Any CPU.Build.0 = Release|Any CPU
	EndGlobalSection
	GlobalSection(SolutionProperties) = preSolution
		HideSolutionNode = FALSE
	EndGlobalSection
	GlobalSection(NestedProjects) = preSolution
		{1E8A174A-2842-4F95-99E5-DFDDD4CCDC59} = {FE12C8E1-5DB7-462B-B71E-2320C5E29068}
		{BF479272-1B59-4017-A59F-F86D495A263B} = {B9FF4E57-479F-40B2-A470-DA69E8275215}
		{9EACACCD-53DF-43AC-AD54-535D9475929C} = {83D8ADAF-0399-42DD-BEAE-9F233713A3A6}
		{3CE668C6-0C1B-4A37-9D14-7E15DC169A54} = {BEE840DD-6063-4BFE-8C14-E53DF3FE3909}
		{4603E74B-9D25-4B07-A181-9078EFB69CA0} = {8C1F3935-A2FC-4DB7-B95B-63CC5121B649}
		{26024240-6A34-4B52-A7DB-9D23872FEDD7} = {31658220-A41E-4291-BB9E-D83897128559}
	EndGlobalSection
	GlobalSection(ExtensibilityGlobals) = postSolution
		SolutionGuid = {61161C7C-1D8A-4D93-BEB4-C21B242A5204}
	EndGlobalSection
EndGlobal
